
Microsoft Visual Studio Solution File, Format Version 12.00
# Visual Studio Version 17
VisualStudioVersion = 17.4.33403.182
MinimumVisualStudioVersion = 10.0.40219.1
Project("{9A19103F-16F7-4668-BE54-9A1E7A4F7556}") = "PaperlessREST", "PaperlessREST\PaperlessREST.csproj", "{4353A960-F820-47CD-814C-943F3263C572}"
EndProject
Project("{9A19103F-16F7-4668-BE54-9A1E7A4F7556}") = "Web-Server", "Web-Server\Web-Server.csproj", "{C053A1ED-610E-4712-9975-3D0464B9C8B3}"
EndProject
Global
	GlobalSection(SolutionConfigurationPlatforms) = preSolution
		Debug|Any CPU = Debug|Any CPU
		Release|Any CPU = Release|Any CPU
	EndGlobalSection
	GlobalSection(ProjectConfigurationPlatforms) = postSolution
		{4353A960-F820-47CD-814C-943F3263C572}.Debug|Any CPU.ActiveCfg = Debug|Any CPU
		{4353A960-F820-47CD-814C-943F3263C572}.Debug|Any CPU.Build.0 = Debug|Any CPU
		{4353A960-F820-47CD-814C-943F3263C572}.Release|Any CPU.ActiveCfg = Release|Any CPU
		{4353A960-F820-47CD-814C-943F3263C572}.Release|Any CPU.Build.0 = Release|Any CPU
		{C053A1ED-610E-4712-9975-3D0464B9C8B3}.Debug|Any CPU.ActiveCfg = Debug|Any CPU
		{C053A1ED-610E-4712-9975-3D0464B9C8B3}.Debug|Any CPU.Build.0 = Debug|Any CPU
		{C053A1ED-610E-4712-9975-3D0464B9C8B3}.Release|Any CPU.ActiveCfg = Release|Any CPU
		{C053A1ED-610E-4712-9975-3D0464B9C8B3}.Release|Any CPU.Build.0 = Release|Any CPU
	EndGlobalSection
	GlobalSection(SolutionProperties) = preSolution
		HideSolutionNode = FALSE
	EndGlobalSection
	GlobalSection(ExtensibilityGlobals) = postSolution
		SolutionGuid = {11B55FE3-7F93-4525-BB74-C4C7C6F29D48}
	EndGlobalSection
EndGlobal
