Microsoft Visual Studio Solution File, Format Version 12.00
# Visual Studio Version 17
VisualStudioVersion = 17.4.33205.214
MinimumVisualStudioVersion = 10.0.40219.1
Project("{9A19103F-16F7-4668-BE54-9A1E7A4F7556}") = "PaperlessREST", "src\PaperlessREST\PaperlessREST.csproj", "{9427655E-880A-401E-AAE7-730BCB0A6111}"
EndProject
Project("{9A19103F-16F7-4668-BE54-9A1E7A4F7556}") = "PaperlessREST.Test", "src\PaperlessREST.Test\PaperlessREST.Test.csproj", "{19F1DEBC-DE5E-4517-8062-F000CD499087}"
EndProject
Global
	GlobalSection(SolutionConfigurationPlatforms) = preSolution
		Debug|Any CPU = Debug|Any CPU
		Release|Any CPU = Release|Any CPU
	EndGlobalSection
	GlobalSection(ProjectConfigurationPlatforms) = postSolution
		{9427655E-880A-401E-AAE7-730BCB0A6111}.Debug|Any CPU.ActiveCfg = Debug|Any CPU
		{9427655E-880A-401E-AAE7-730BCB0A6111}.Debug|Any CPU.Build.0 = Debug|Any CPU
		{9427655E-880A-401E-AAE7-730BCB0A6111}.Release|Any CPU.ActiveCfg = Release|Any CPU
		{9427655E-880A-401E-AAE7-730BCB0A6111}.Release|Any CPU.Build.0 = Release|Any CPU
		{19F1DEBC-DE5E-4517-8062-F000CD499087}.Debug|Any CPU.ActiveCfg = Debug|Any CPU
		{19F1DEBC-DE5E-4517-8062-F000CD499087}.Debug|Any CPU.Build.0 = Debug|Any CPU
		{19F1DEBC-DE5E-4517-8062-F000CD499087}.Release|Any CPU.ActiveCfg = Release|Any CPU
		{19F1DEBC-DE5E-4517-8062-F000CD499087}.Release|Any CPU.Build.0 = Release|Any CPU
	EndGlobalSection
	GlobalSection(SolutionProperties) = preSolution
		HideSolutionNode = FALSE
	EndGlobalSection
	GlobalSection(ExtensibilityGlobals) = postSolution
		SolutionGuid = {F4197EEA-8AE3-4867-A88D-8B8C11E391E6}
	EndGlobalSection
EndGlobal
